
Microsoft Visual Studio Solution File, Format Version 12.00
# Visual Studio Version 16
VisualStudioVersion = 16.0.31624.102
MinimumVisualStudioVersion = 10.0.40219.1
Project("{FAE04EC0-301F-11D3-BF4B-00C04F79EFBC}") = "WhackSomeMoles", "WhackSomeMoles\WhackSomeMoles.csproj", "{3E469ADB-88AD-4669-BF55-73CB5C76894B}"
EndProject
Global
	GlobalSection(SolutionConfigurationPlatforms) = preSolution
		Debug|Any CPU = Debug|Any CPU
		Release|Any CPU = Release|Any CPU
	EndGlobalSection
	GlobalSection(ProjectConfigurationPlatforms) = postSolution
		{3E469ADB-88AD-4669-BF55-73CB5C76894B}.Debug|Any CPU.ActiveCfg = Debug|Any CPU
		{3E469ADB-88AD-4669-BF55-73CB5C76894B}.Debug|Any CPU.Build.0 = Debug|Any CPU
		{3E469ADB-88AD-4669-BF55-73CB5C76894B}.Release|Any CPU.ActiveCfg = Release|Any CPU
		{3E469ADB-88AD-4669-BF55-73CB5C76894B}.Release|Any CPU.Build.0 = Release|Any CPU
	EndGlobalSection
	GlobalSection(SolutionProperties) = preSolution
		HideSolutionNode = FALSE
	EndGlobalSection
	GlobalSection(ExtensibilityGlobals) = postSolution
		SolutionGuid = {083F558D-19D8-441D-B6B1-07B55E2C01FE}
	EndGlobalSection
EndGlobal
